
Microsoft Visual Studio Solution File, Format Version 12.00
# Visual Studio Version 17
VisualStudioVersion = 17.10.35013.160
MinimumVisualStudioVersion = 10.0.40219.1
Project("{FAE04EC0-301F-11D3-BF4B-00C04F79EFBC}") = "GestorDeCombustivel", "GestorDeCombustivel\GestorDeCombustivel.csproj", "{536D9297-B613-49AD-AF02-54170D4A2B7D}"
EndProject
Global
	GlobalSection(SolutionConfigurationPlatforms) = preSolution
		Debug|Any CPU = Debug|Any CPU
		Release|Any CPU = Release|Any CPU
	EndGlobalSection
	GlobalSection(ProjectConfigurationPlatforms) = postSolution
		{536D9297-B613-49AD-AF02-54170D4A2B7D}.Debug|Any CPU.ActiveCfg = Debug|Any CPU
		{536D9297-B613-49AD-AF02-54170D4A2B7D}.Debug|Any CPU.Build.0 = Debug|Any CPU
		{536D9297-B613-49AD-AF02-54170D4A2B7D}.Release|Any CPU.ActiveCfg = Release|Any CPU
		{536D9297-B613-49AD-AF02-54170D4A2B7D}.Release|Any CPU.Build.0 = Release|Any CPU
	EndGlobalSection
	GlobalSection(SolutionProperties) = preSolution
		HideSolutionNode = FALSE
	EndGlobalSection
	GlobalSection(ExtensibilityGlobals) = postSolution
		SolutionGuid = {3F853017-5A51-4168-9B5D-A43FE6E7EC52}
	EndGlobalSection
EndGlobal
